// !$*UTF8*$!
{
	archiveVersion = 1;
	classes = {
	};
	objectVersion = 46;
	objects = {

/* Begin PBXBuildFile section */
		47036FF91BE0B5EB009181EC /* 43.cpp in Sources */ = {isa = PBXBuildFile; fileRef = 47036FF81BE0B5EB009181EC /* 43.cpp */; };
		47036FFB1BE0BB16009181EC /* 44.cpp in Sources */ = {isa = PBXBuildFile; fileRef = 47036FFA1BE0BB16009181EC /* 44.cpp */; };
		47036FFD1BE0BB27009181EC /* 46.cpp in Sources */ = {isa = PBXBuildFile; fileRef = 47036FFC1BE0BB27009181EC /* 46.cpp */; };
		47036FFF1BE0C166009181EC /* 47.cpp in Sources */ = {isa = PBXBuildFile; fileRef = 47036FFE1BE0C166009181EC /* 47.cpp */; };
		470370011BE0C9B0009181EC /* 48.cpp in Sources */ = {isa = PBXBuildFile; fileRef = 470370001BE0C9B0009181EC /* 48.cpp */; };
		470370031BE1DC56009181EC /* 45.cpp in Sources */ = {isa = PBXBuildFile; fileRef = 470370021BE1DC56009181EC /* 45.cpp */; };
		470370051BE31ACB009181EC /* 49.cpp in Sources */ = {isa = PBXBuildFile; fileRef = 470370041BE31ACB009181EC /* 49.cpp */; };
		470370071BE35320009181EC /* 50.cpp in Sources */ = {isa = PBXBuildFile; fileRef = 470370061BE35320009181EC /* 50.cpp */; };
		470370091BE3563F009181EC /* 51.cpp in Sources */ = {isa = PBXBuildFile; fileRef = 470370081BE3563F009181EC /* 51.cpp */; };
		4703700B1BE36C75009181EC /* 52.cpp in Sources */ = {isa = PBXBuildFile; fileRef = 4703700A1BE36C75009181EC /* 52.cpp */; };
		47258CB11BD9DC5A00A4E7A6 /* 41.cpp in Sources */ = {isa = PBXBuildFile; fileRef = 47258CB01BD9DC5A00A4E7A6 /* 41.cpp */; };
		47258CB31BDF539800A4E7A6 /* 39.cpp in Sources */ = {isa = PBXBuildFile; fileRef = 47258CB21BDF539800A4E7A6 /* 39.cpp */; };
		47258CB51BDF5E4800A4E7A6 /* 40.cpp in Sources */ = {isa = PBXBuildFile; fileRef = 47258CB41BDF5E4800A4E7A6 /* 40.cpp */; };
		47258CB71BDF6AE700A4E7A6 /* 42.cpp in Sources */ = {isa = PBXBuildFile; fileRef = 47258CB61BDF6AE700A4E7A6 /* 42.cpp */; };
		4737BA511BE38C5F0030D884 /* 53.cpp in Sources */ = {isa = PBXBuildFile; fileRef = 4737BA501BE38C5F0030D884 /* 53.cpp */; };
		4737BA531BE38FC10030D884 /* 54.cpp in Sources */ = {isa = PBXBuildFile; fileRef = 4737BA521BE38FC10030D884 /* 54.cpp */; };
		4737BA551BE716A80030D884 /* 55.cpp in Sources */ = {isa = PBXBuildFile; fileRef = 4737BA541BE716A80030D884 /* 55.cpp */; };
		4737BA571BE7265B0030D884 /* 56.cpp in Sources */ = {isa = PBXBuildFile; fileRef = 4737BA561BE7265B0030D884 /* 56.cpp */; };
		4737BA591BE73C4C0030D884 /* 57.cpp in Sources */ = {isa = PBXBuildFile; fileRef = 4737BA581BE73C4C0030D884 /* 57.cpp */; };
		4737BA5B1BE7404A0030D884 /* 58.cpp in Sources */ = {isa = PBXBuildFile; fileRef = 4737BA5A1BE7404A0030D884 /* 58.cpp */; };
		4754A4C81BE897CA00FE07B3 /* 59.cpp in Sources */ = {isa = PBXBuildFile; fileRef = 4754A4C71BE897CA00FE07B3 /* 59.cpp */; };
		4754A4CA1BE89BC900FE07B3 /* 60.cpp in Sources */ = {isa = PBXBuildFile; fileRef = 4754A4C91BE89BC900FE07B3 /* 60.cpp */; };
		4754A4CE1BEB07B600FE07B3 /* 61.cpp in Sources */ = {isa = PBXBuildFile; fileRef = 4754A4CB1BEB07B600FE07B3 /* 61.cpp */; };
		4754A4CF1BEB07B600FE07B3 /* 62.cpp in Sources */ = {isa = PBXBuildFile; fileRef = 4754A4CC1BEB07B600FE07B3 /* 62.cpp */; };
		4754A4D01BEB07B600FE07B3 /* 63.cpp in Sources */ = {isa = PBXBuildFile; fileRef = 4754A4CD1BEB07B600FE07B3 /* 63.cpp */; };
		4754A4D21BEB182200FE07B3 /* 64.cpp in Sources */ = {isa = PBXBuildFile; fileRef = 4754A4D11BEB182200FE07B3 /* 64.cpp */; };
		4754A4D41BEB1BB000FE07B3 /* 65.cpp in Sources */ = {isa = PBXBuildFile; fileRef = 4754A4D31BEB1BB000FE07B3 /* 65.cpp */; };
		4754A4D61BEB1C1400FE07B3 /* 66.cpp in Sources */ = {isa = PBXBuildFile; fileRef = 4754A4D51BEB1C1400FE07B3 /* 66.cpp */; };
		4754A4D81BEB1D7B00FE07B3 /* 67.cpp in Sources */ = {isa = PBXBuildFile; fileRef = 4754A4D71BEB1D7B00FE07B3 /* 67.cpp */; };
		4754A4DA1BEB1F0A00FE07B3 /* 68.cpp in Sources */ = {isa = PBXBuildFile; fileRef = 4754A4D91BEB1F0A00FE07B3 /* 68.cpp */; };
		4754A4DC1BEB203B00FE07B3 /* 70.cpp in Sources */ = {isa = PBXBuildFile; fileRef = 4754A4DB1BEB203B00FE07B3 /* 70.cpp */; };
		4754A4DE1BEB222500FE07B3 /* 69.cpp in Sources */ = {isa = PBXBuildFile; fileRef = 4754A4DD1BEB222500FE07B3 /* 69.cpp */; };
		4754A4E01BECC20800FE07B3 /* 71.cpp in Sources */ = {isa = PBXBuildFile; fileRef = 4754A4DF1BECC20800FE07B3 /* 71.cpp */; };
		4754A4E21BF0B33200FE07B3 /* 72.cpp in Sources */ = {isa = PBXBuildFile; fileRef = 4754A4E11BF0B33200FE07B3 /* 72.cpp */; };
		4754A4E41BF0B42000FE07B3 /* 73.cpp in Sources */ = {isa = PBXBuildFile; fileRef = 4754A4E31BF0B42000FE07B3 /* 73.cpp */; };
		4754A4E61BF1A16F00FE07B3 /* 74.cpp in Sources */ = {isa = PBXBuildFile; fileRef = 4754A4E51BF1A16F00FE07B3 /* 74.cpp */; };
		4754A4E81BF1A3EA00FE07B3 /* 75.cpp in Sources */ = {isa = PBXBuildFile; fileRef = 4754A4E71BF1A3EA00FE07B3 /* 75.cpp */; };
		47A198401BD7AABB000B905A /* 37.cpp in Sources */ = {isa = PBXBuildFile; fileRef = 47A1983F1BD7AABB000B905A /* 37.cpp */; };
		47B0A4811C439E0800D935BF /* 76.cpp in Sources */ = {isa = PBXBuildFile; fileRef = 47B0A4801C439E0700D935BF /* 76.cpp */; };
		47B0A4831C43C24700D935BF /* 77.cpp in Sources */ = {isa = PBXBuildFile; fileRef = 47B0A4821C43C24700D935BF /* 77.cpp */; };
		47B0A4851C43C96F00D935BF /* 78.cpp in Sources */ = {isa = PBXBuildFile; fileRef = 47B0A4841C43C96F00D935BF /* 78.cpp */; };
		47F0CAEB1BD79784007C27C8 /* 1.cpp in Sources */ = {isa = PBXBuildFile; fileRef = 47F0CAC21BD79784007C27C8 /* 1.cpp */; };
		47F0CAEC1BD79784007C27C8 /* 2.cpp in Sources */ = {isa = PBXBuildFile; fileRef = 47F0CAC31BD79784007C27C8 /* 2.cpp */; };
		47F0CAED1BD79784007C27C8 /* 3.cpp in Sources */ = {isa = PBXBuildFile; fileRef = 47F0CAC41BD79784007C27C8 /* 3.cpp */; };
		47F0CAEE1BD79784007C27C8 /* 4.cpp in Sources */ = {isa = PBXBuildFile; fileRef = 47F0CAC51BD79784007C27C8 /* 4.cpp */; };
		47F0CAEF1BD79784007C27C8 /* 5.cpp in Sources */ = {isa = PBXBuildFile; fileRef = 47F0CAC61BD79784007C27C8 /* 5.cpp */; };
		47F0CAF01BD79784007C27C8 /* 6.cpp in Sources */ = {isa = PBXBuildFile; fileRef = 47F0CAC71BD79784007C27C8 /* 6.cpp */; };
		47F0CAF11BD79784007C27C8 /* 7.cpp in Sources */ = {isa = PBXBuildFile; fileRef = 47F0CAC81BD79784007C27C8 /* 7.cpp */; };
		47F0CAF21BD79784007C27C8 /* 8.cpp in Sources */ = {isa = PBXBuildFile; fileRef = 47F0CAC91BD79784007C27C8 /* 8.cpp */; };
		47F0CAF31BD79784007C27C8 /* 9.cpp in Sources */ = {isa = PBXBuildFile; fileRef = 47F0CACA1BD79784007C27C8 /* 9.cpp */; };
		47F0CAF41BD79784007C27C8 /* 10.cpp in Sources */ = {isa = PBXBuildFile; fileRef = 47F0CACB1BD79784007C27C8 /* 10.cpp */; };
		47F0CAF51BD79784007C27C8 /* 11.cpp in Sources */ = {isa = PBXBuildFile; fileRef = 47F0CACC1BD79784007C27C8 /* 11.cpp */; };
		47F0CAF61BD79784007C27C8 /* 12.cpp in Sources */ = {isa = PBXBuildFile; fileRef = 47F0CACD1BD79784007C27C8 /* 12.cpp */; };
		47F0CAF71BD79784007C27C8 /* 13.cpp in Sources */ = {isa = PBXBuildFile; fileRef = 47F0CACE1BD79784007C27C8 /* 13.cpp */; };
		47F0CAF81BD79784007C27C8 /* 14.cpp in Sources */ = {isa = PBXBuildFile; fileRef = 47F0CACF1BD79784007C27C8 /* 14.cpp */; };
		47F0CAF91BD79784007C27C8 /* 15.cpp in Sources */ = {isa = PBXBuildFile; fileRef = 47F0CAD01BD79784007C27C8 /* 15.cpp */; };
		47F0CAFA1BD79784007C27C8 /* 16.cpp in Sources */ = {isa = PBXBuildFile; fileRef = 47F0CAD11BD79784007C27C8 /* 16.cpp */; };
		47F0CAFB1BD79784007C27C8 /* 17.cpp in Sources */ = {isa = PBXBuildFile; fileRef = 47F0CAD21BD79784007C27C8 /* 17.cpp */; };
		47F0CAFC1BD79784007C27C8 /* 18.cpp in Sources */ = {isa = PBXBuildFile; fileRef = 47F0CAD31BD79784007C27C8 /* 18.cpp */; };
		47F0CAFD1BD79784007C27C8 /* 19.cpp in Sources */ = {isa = PBXBuildFile; fileRef = 47F0CAD41BD79784007C27C8 /* 19.cpp */; };
		47F0CAFE1BD79784007C27C8 /* 20.cpp in Sources */ = {isa = PBXBuildFile; fileRef = 47F0CAD51BD79784007C27C8 /* 20.cpp */; };
		47F0CAFF1BD79784007C27C8 /* 21.cpp in Sources */ = {isa = PBXBuildFile; fileRef = 47F0CAD61BD79784007C27C8 /* 21.cpp */; };
		47F0CB001BD79784007C27C8 /* 22.cpp in Sources */ = {isa = PBXBuildFile; fileRef = 47F0CAD71BD79784007C27C8 /* 22.cpp */; };
		47F0CB011BD79784007C27C8 /* 23.cpp in Sources */ = {isa = PBXBuildFile; fileRef = 47F0CAD81BD79784007C27C8 /* 23.cpp */; };
		47F0CB021BD79784007C27C8 /* 24.cpp in Sources */ = {isa = PBXBuildFile; fileRef = 47F0CAD91BD79784007C27C8 /* 24.cpp */; };
		47F0CB031BD79784007C27C8 /* 25.cpp in Sources */ = {isa = PBXBuildFile; fileRef = 47F0CADA1BD79784007C27C8 /* 25.cpp */; };
		47F0CB041BD79784007C27C8 /* 26.cpp in Sources */ = {isa = PBXBuildFile; fileRef = 47F0CADB1BD79784007C27C8 /* 26.cpp */; };
		47F0CB051BD79784007C27C8 /* 27.cpp in Sources */ = {isa = PBXBuildFile; fileRef = 47F0CADC1BD79784007C27C8 /* 27.cpp */; };
		47F0CB061BD79784007C27C8 /* 28.cpp in Sources */ = {isa = PBXBuildFile; fileRef = 47F0CADD1BD79784007C27C8 /* 28.cpp */; };
		47F0CB071BD79784007C27C8 /* 29.cpp in Sources */ = {isa = PBXBuildFile; fileRef = 47F0CADE1BD79784007C27C8 /* 29.cpp */; };
		47F0CB081BD79784007C27C8 /* 30_2.cpp in Sources */ = {isa = PBXBuildFile; fileRef = 47F0CADF1BD79784007C27C8 /* 30_2.cpp */; };
		47F0CB091BD79784007C27C8 /* 30.cpp in Sources */ = {isa = PBXBuildFile; fileRef = 47F0CAE01BD79784007C27C8 /* 30.cpp */; };
		47F0CB0A1BD79784007C27C8 /* 31.cpp in Sources */ = {isa = PBXBuildFile; fileRef = 47F0CAE11BD79784007C27C8 /* 31.cpp */; };
		47F0CB0B1BD79784007C27C8 /* 32.cpp in Sources */ = {isa = PBXBuildFile; fileRef = 47F0CAE21BD79784007C27C8 /* 32.cpp */; };
		47F0CB0C1BD79784007C27C8 /* 33.cpp in Sources */ = {isa = PBXBuildFile; fileRef = 47F0CAE31BD79784007C27C8 /* 33.cpp */; };
		47F0CB0D1BD79784007C27C8 /* 34.cpp in Sources */ = {isa = PBXBuildFile; fileRef = 47F0CAE41BD79784007C27C8 /* 34.cpp */; };
		47F0CB0E1BD79784007C27C8 /* 35.cpp in Sources */ = {isa = PBXBuildFile; fileRef = 47F0CAE51BD79784007C27C8 /* 35.cpp */; };
		47F0CB0F1BD79784007C27C8 /* 36.cpp in Sources */ = {isa = PBXBuildFile; fileRef = 47F0CAE61BD79784007C27C8 /* 36.cpp */; };
		47F0CB101BD79784007C27C8 /* 38.cpp in Sources */ = {isa = PBXBuildFile; fileRef = 47F0CAE71BD79784007C27C8 /* 38.cpp */; };
		47F0CB111BD79784007C27C8 /* tools.cpp in Sources */ = {isa = PBXBuildFile; fileRef = 47F0CAE91BD79784007C27C8 /* tools.cpp */; };
/* End PBXBuildFile section */

/* Begin PBXCopyFilesBuildPhase section */
		47F0CAB61BD7973B007C27C8 /* CopyFiles */ = {
			isa = PBXCopyFilesBuildPhase;
			buildActionMask = 2147483647;
			dstPath = /usr/share/man/man1/;
			dstSubfolderSpec = 0;
			files = (
			);
			runOnlyForDeploymentPostprocessing = 1;
		};
/* End PBXCopyFilesBuildPhase section */

/* Begin PBXFileReference section */
		47036FF81BE0B5EB009181EC /* 43.cpp */ = {isa = PBXFileReference; fileEncoding = 4; lastKnownFileType = sourcecode.cpp.cpp; path = 43.cpp; sourceTree = "<group>"; };
		47036FFA1BE0BB16009181EC /* 44.cpp */ = {isa = PBXFileReference; fileEncoding = 4; lastKnownFileType = sourcecode.cpp.cpp; path = 44.cpp; sourceTree = "<group>"; };
		47036FFC1BE0BB27009181EC /* 46.cpp */ = {isa = PBXFileReference; fileEncoding = 4; lastKnownFileType = sourcecode.cpp.cpp; path = 46.cpp; sourceTree = "<group>"; };
		47036FFE1BE0C166009181EC /* 47.cpp */ = {isa = PBXFileReference; fileEncoding = 4; lastKnownFileType = sourcecode.cpp.cpp; path = 47.cpp; sourceTree = "<group>"; };
		470370001BE0C9B0009181EC /* 48.cpp */ = {isa = PBXFileReference; fileEncoding = 4; lastKnownFileType = sourcecode.cpp.cpp; path = 48.cpp; sourceTree = "<group>"; };
		470370021BE1DC56009181EC /* 45.cpp */ = {isa = PBXFileReference; fileEncoding = 4; lastKnownFileType = sourcecode.cpp.cpp; path = 45.cpp; sourceTree = "<group>"; };
		470370041BE31ACB009181EC /* 49.cpp */ = {isa = PBXFileReference; fileEncoding = 4; lastKnownFileType = sourcecode.cpp.cpp; path = 49.cpp; sourceTree = "<group>"; };
		470370061BE35320009181EC /* 50.cpp */ = {isa = PBXFileReference; fileEncoding = 4; lastKnownFileType = sourcecode.cpp.cpp; path = 50.cpp; sourceTree = "<group>"; };
		470370081BE3563F009181EC /* 51.cpp */ = {isa = PBXFileReference; fileEncoding = 4; lastKnownFileType = sourcecode.cpp.cpp; path = 51.cpp; sourceTree = "<group>"; };
		4703700A1BE36C75009181EC /* 52.cpp */ = {isa = PBXFileReference; fileEncoding = 4; lastKnownFileType = sourcecode.cpp.cpp; path = 52.cpp; sourceTree = "<group>"; };
		47258CB01BD9DC5A00A4E7A6 /* 41.cpp */ = {isa = PBXFileReference; fileEncoding = 4; lastKnownFileType = sourcecode.cpp.cpp; path = 41.cpp; sourceTree = "<group>"; };
		47258CB21BDF539800A4E7A6 /* 39.cpp */ = {isa = PBXFileReference; fileEncoding = 4; lastKnownFileType = sourcecode.cpp.cpp; path = 39.cpp; sourceTree = "<group>"; };
		47258CB41BDF5E4800A4E7A6 /* 40.cpp */ = {isa = PBXFileReference; fileEncoding = 4; lastKnownFileType = sourcecode.cpp.cpp; path = 40.cpp; sourceTree = "<group>"; };
		47258CB61BDF6AE700A4E7A6 /* 42.cpp */ = {isa = PBXFileReference; fileEncoding = 4; lastKnownFileType = sourcecode.cpp.cpp; path = 42.cpp; sourceTree = "<group>"; };
		4737BA501BE38C5F0030D884 /* 53.cpp */ = {isa = PBXFileReference; fileEncoding = 4; lastKnownFileType = sourcecode.cpp.cpp; path = 53.cpp; sourceTree = "<group>"; };
		4737BA521BE38FC10030D884 /* 54.cpp */ = {isa = PBXFileReference; fileEncoding = 4; lastKnownFileType = sourcecode.cpp.cpp; path = 54.cpp; sourceTree = "<group>"; };
		4737BA541BE716A80030D884 /* 55.cpp */ = {isa = PBXFileReference; fileEncoding = 4; lastKnownFileType = sourcecode.cpp.cpp; path = 55.cpp; sourceTree = "<group>"; };
		4737BA561BE7265B0030D884 /* 56.cpp */ = {isa = PBXFileReference; fileEncoding = 4; lastKnownFileType = sourcecode.cpp.cpp; path = 56.cpp; sourceTree = "<group>"; };
		4737BA581BE73C4C0030D884 /* 57.cpp */ = {isa = PBXFileReference; fileEncoding = 4; lastKnownFileType = sourcecode.cpp.cpp; path = 57.cpp; sourceTree = "<group>"; };
		4737BA5A1BE7404A0030D884 /* 58.cpp */ = {isa = PBXFileReference; fileEncoding = 4; lastKnownFileType = sourcecode.cpp.cpp; path = 58.cpp; sourceTree = "<group>"; };
		4754A4C71BE897CA00FE07B3 /* 59.cpp */ = {isa = PBXFileReference; fileEncoding = 4; lastKnownFileType = sourcecode.cpp.cpp; path = 59.cpp; sourceTree = "<group>"; };
		4754A4C91BE89BC900FE07B3 /* 60.cpp */ = {isa = PBXFileReference; fileEncoding = 4; lastKnownFileType = sourcecode.cpp.cpp; path = 60.cpp; sourceTree = "<group>"; };
		4754A4CB1BEB07B600FE07B3 /* 61.cpp */ = {isa = PBXFileReference; fileEncoding = 4; lastKnownFileType = sourcecode.cpp.cpp; path = 61.cpp; sourceTree = "<group>"; };
		4754A4CC1BEB07B600FE07B3 /* 62.cpp */ = {isa = PBXFileReference; fileEncoding = 4; lastKnownFileType = sourcecode.cpp.cpp; path = 62.cpp; sourceTree = "<group>"; };
		4754A4CD1BEB07B600FE07B3 /* 63.cpp */ = {isa = PBXFileReference; fileEncoding = 4; lastKnownFileType = sourcecode.cpp.cpp; path = 63.cpp; sourceTree = "<group>"; };
		4754A4D11BEB182200FE07B3 /* 64.cpp */ = {isa = PBXFileReference; fileEncoding = 4; lastKnownFileType = sourcecode.cpp.cpp; path = 64.cpp; sourceTree = "<group>"; };
		4754A4D31BEB1BB000FE07B3 /* 65.cpp */ = {isa = PBXFileReference; fileEncoding = 4; lastKnownFileType = sourcecode.cpp.cpp; path = 65.cpp; sourceTree = "<group>"; };
		4754A4D51BEB1C1400FE07B3 /* 66.cpp */ = {isa = PBXFileReference; fileEncoding = 4; lastKnownFileType = sourcecode.cpp.cpp; path = 66.cpp; sourceTree = "<group>"; };
		4754A4D71BEB1D7B00FE07B3 /* 67.cpp */ = {isa = PBXFileReference; fileEncoding = 4; lastKnownFileType = sourcecode.cpp.cpp; path = 67.cpp; sourceTree = "<group>"; };
		4754A4D91BEB1F0A00FE07B3 /* 68.cpp */ = {isa = PBXFileReference; fileEncoding = 4; lastKnownFileType = sourcecode.cpp.cpp; path = 68.cpp; sourceTree = "<group>"; };
		4754A4DB1BEB203B00FE07B3 /* 70.cpp */ = {isa = PBXFileReference; fileEncoding = 4; lastKnownFileType = sourcecode.cpp.cpp; path = 70.cpp; sourceTree = "<group>"; };
		4754A4DD1BEB222500FE07B3 /* 69.cpp */ = {isa = PBXFileReference; fileEncoding = 4; lastKnownFileType = sourcecode.cpp.cpp; path = 69.cpp; sourceTree = "<group>"; };
		4754A4DF1BECC20800FE07B3 /* 71.cpp */ = {isa = PBXFileReference; fileEncoding = 4; lastKnownFileType = sourcecode.cpp.cpp; path = 71.cpp; sourceTree = "<group>"; };
		4754A4E11BF0B33200FE07B3 /* 72.cpp */ = {isa = PBXFileReference; fileEncoding = 4; lastKnownFileType = sourcecode.cpp.cpp; path = 72.cpp; sourceTree = "<group>"; };
		4754A4E31BF0B42000FE07B3 /* 73.cpp */ = {isa = PBXFileReference; fileEncoding = 4; lastKnownFileType = sourcecode.cpp.cpp; path = 73.cpp; sourceTree = "<group>"; };
		4754A4E51BF1A16F00FE07B3 /* 74.cpp */ = {isa = PBXFileReference; fileEncoding = 4; lastKnownFileType = sourcecode.cpp.cpp; path = 74.cpp; sourceTree = "<group>"; };
		4754A4E71BF1A3EA00FE07B3 /* 75.cpp */ = {isa = PBXFileReference; fileEncoding = 4; lastKnownFileType = sourcecode.cpp.cpp; path = 75.cpp; sourceTree = "<group>"; };
		47A1983F1BD7AABB000B905A /* 37.cpp */ = {isa = PBXFileReference; fileEncoding = 4; lastKnownFileType = sourcecode.cpp.cpp; path = 37.cpp; sourceTree = "<group>"; };
		47B0A4801C439E0700D935BF /* 76.cpp */ = {isa = PBXFileReference; fileEncoding = 4; lastKnownFileType = sourcecode.cpp.cpp; path = 76.cpp; sourceTree = "<group>"; };
		47B0A4821C43C24700D935BF /* 77.cpp */ = {isa = PBXFileReference; fileEncoding = 4; lastKnownFileType = sourcecode.cpp.cpp; path = 77.cpp; sourceTree = "<group>"; };
		47B0A4841C43C96F00D935BF /* 78.cpp */ = {isa = PBXFileReference; fileEncoding = 4; lastKnownFileType = sourcecode.cpp.cpp; path = 78.cpp; sourceTree = "<group>"; };
		47F0CAB81BD7973B007C27C8 /* Leetcode */ = {isa = PBXFileReference; explicitFileType = "compiled.mach-o.executable"; includeInIndex = 0; path = Leetcode; sourceTree = BUILT_PRODUCTS_DIR; };
		47F0CAC21BD79784007C27C8 /* 1.cpp */ = {isa = PBXFileReference; fileEncoding = 4; lastKnownFileType = sourcecode.cpp.cpp; path = 1.cpp; sourceTree = "<group>"; };
		47F0CAC31BD79784007C27C8 /* 2.cpp */ = {isa = PBXFileReference; fileEncoding = 4; lastKnownFileType = sourcecode.cpp.cpp; path = 2.cpp; sourceTree = "<group>"; };
		47F0CAC41BD79784007C27C8 /* 3.cpp */ = {isa = PBXFileReference; fileEncoding = 4; lastKnownFileType = sourcecode.cpp.cpp; path = 3.cpp; sourceTree = "<group>"; };
		47F0CAC51BD79784007C27C8 /* 4.cpp */ = {isa = PBXFileReference; fileEncoding = 4; lastKnownFileType = sourcecode.cpp.cpp; path = 4.cpp; sourceTree = "<group>"; };
		47F0CAC61BD79784007C27C8 /* 5.cpp */ = {isa = PBXFileReference; fileEncoding = 4; lastKnownFileType = sourcecode.cpp.cpp; path = 5.cpp; sourceTree = "<group>"; };
		47F0CAC71BD79784007C27C8 /* 6.cpp */ = {isa = PBXFileReference; fileEncoding = 4; lastKnownFileType = sourcecode.cpp.cpp; path = 6.cpp; sourceTree = "<group>"; };
		47F0CAC81BD79784007C27C8 /* 7.cpp */ = {isa = PBXFileReference; fileEncoding = 4; lastKnownFileType = sourcecode.cpp.cpp; path = 7.cpp; sourceTree = "<group>"; };
		47F0CAC91BD79784007C27C8 /* 8.cpp */ = {isa = PBXFileReference; fileEncoding = 4; lastKnownFileType = sourcecode.cpp.cpp; path = 8.cpp; sourceTree = "<group>"; };
		47F0CACA1BD79784007C27C8 /* 9.cpp */ = {isa = PBXFileReference; fileEncoding = 4; lastKnownFileType = sourcecode.cpp.cpp; path = 9.cpp; sourceTree = "<group>"; };
		47F0CACB1BD79784007C27C8 /* 10.cpp */ = {isa = PBXFileReference; fileEncoding = 4; lastKnownFileType = sourcecode.cpp.cpp; path = 10.cpp; sourceTree = "<group>"; };
		47F0CACC1BD79784007C27C8 /* 11.cpp */ = {isa = PBXFileReference; fileEncoding = 4; lastKnownFileType = sourcecode.cpp.cpp; path = 11.cpp; sourceTree = "<group>"; };
		47F0CACD1BD79784007C27C8 /* 12.cpp */ = {isa = PBXFileReference; fileEncoding = 4; lastKnownFileType = sourcecode.cpp.cpp; path = 12.cpp; sourceTree = "<group>"; };
		47F0CACE1BD79784007C27C8 /* 13.cpp */ = {isa = PBXFileReference; fileEncoding = 4; lastKnownFileType = sourcecode.cpp.cpp; path = 13.cpp; sourceTree = "<group>"; };
		47F0CACF1BD79784007C27C8 /* 14.cpp */ = {isa = PBXFileReference; fileEncoding = 4; lastKnownFileType = sourcecode.cpp.cpp; path = 14.cpp; sourceTree = "<group>"; };
		47F0CAD01BD79784007C27C8 /* 15.cpp */ = {isa = PBXFileReference; fileEncoding = 4; lastKnownFileType = sourcecode.cpp.cpp; path = 15.cpp; sourceTree = "<group>"; };
		47F0CAD11BD79784007C27C8 /* 16.cpp */ = {isa = PBXFileReference; fileEncoding = 4; lastKnownFileType = sourcecode.cpp.cpp; path = 16.cpp; sourceTree = "<group>"; };
		47F0CAD21BD79784007C27C8 /* 17.cpp */ = {isa = PBXFileReference; fileEncoding = 4; lastKnownFileType = sourcecode.cpp.cpp; path = 17.cpp; sourceTree = "<group>"; };
		47F0CAD31BD79784007C27C8 /* 18.cpp */ = {isa = PBXFileReference; fileEncoding = 4; lastKnownFileType = sourcecode.cpp.cpp; path = 18.cpp; sourceTree = "<group>"; };
		47F0CAD41BD79784007C27C8 /* 19.cpp */ = {isa = PBXFileReference; fileEncoding = 4; lastKnownFileType = sourcecode.cpp.cpp; path = 19.cpp; sourceTree = "<group>"; };
		47F0CAD51BD79784007C27C8 /* 20.cpp */ = {isa = PBXFileReference; fileEncoding = 4; lastKnownFileType = sourcecode.cpp.cpp; path = 20.cpp; sourceTree = "<group>"; };
		47F0CAD61BD79784007C27C8 /* 21.cpp */ = {isa = PBXFileReference; fileEncoding = 4; lastKnownFileType = sourcecode.cpp.cpp; path = 21.cpp; sourceTree = "<group>"; };
		47F0CAD71BD79784007C27C8 /* 22.cpp */ = {isa = PBXFileReference; fileEncoding = 4; lastKnownFileType = sourcecode.cpp.cpp; path = 22.cpp; sourceTree = "<group>"; };
		47F0CAD81BD79784007C27C8 /* 23.cpp */ = {isa = PBXFileReference; fileEncoding = 4; lastKnownFileType = sourcecode.cpp.cpp; path = 23.cpp; sourceTree = "<group>"; };
		47F0CAD91BD79784007C27C8 /* 24.cpp */ = {isa = PBXFileReference; fileEncoding = 4; lastKnownFileType = sourcecode.cpp.cpp; path = 24.cpp; sourceTree = "<group>"; };
		47F0CADA1BD79784007C27C8 /* 25.cpp */ = {isa = PBXFileReference; fileEncoding = 4; lastKnownFileType = sourcecode.cpp.cpp; path = 25.cpp; sourceTree = "<group>"; };
		47F0CADB1BD79784007C27C8 /* 26.cpp */ = {isa = PBXFileReference; fileEncoding = 4; lastKnownFileType = sourcecode.cpp.cpp; path = 26.cpp; sourceTree = "<group>"; };
		47F0CADC1BD79784007C27C8 /* 27.cpp */ = {isa = PBXFileReference; fileEncoding = 4; lastKnownFileType = sourcecode.cpp.cpp; path = 27.cpp; sourceTree = "<group>"; };
		47F0CADD1BD79784007C27C8 /* 28.cpp */ = {isa = PBXFileReference; fileEncoding = 4; lastKnownFileType = sourcecode.cpp.cpp; path = 28.cpp; sourceTree = "<group>"; };
		47F0CADE1BD79784007C27C8 /* 29.cpp */ = {isa = PBXFileReference; fileEncoding = 4; lastKnownFileType = sourcecode.cpp.cpp; path = 29.cpp; sourceTree = "<group>"; };
		47F0CADF1BD79784007C27C8 /* 30_2.cpp */ = {isa = PBXFileReference; fileEncoding = 4; lastKnownFileType = sourcecode.cpp.cpp; path = 30_2.cpp; sourceTree = "<group>"; };
		47F0CAE01BD79784007C27C8 /* 30.cpp */ = {isa = PBXFileReference; fileEncoding = 4; lastKnownFileType = sourcecode.cpp.cpp; path = 30.cpp; sourceTree = "<group>"; };
		47F0CAE11BD79784007C27C8 /* 31.cpp */ = {isa = PBXFileReference; fileEncoding = 4; lastKnownFileType = sourcecode.cpp.cpp; path = 31.cpp; sourceTree = "<group>"; };
		47F0CAE21BD79784007C27C8 /* 32.cpp */ = {isa = PBXFileReference; fileEncoding = 4; lastKnownFileType = sourcecode.cpp.cpp; path = 32.cpp; sourceTree = "<group>"; };
		47F0CAE31BD79784007C27C8 /* 33.cpp */ = {isa = PBXFileReference; fileEncoding = 4; lastKnownFileType = sourcecode.cpp.cpp; path = 33.cpp; sourceTree = "<group>"; };
		47F0CAE41BD79784007C27C8 /* 34.cpp */ = {isa = PBXFileReference; fileEncoding = 4; lastKnownFileType = sourcecode.cpp.cpp; path = 34.cpp; sourceTree = "<group>"; };
		47F0CAE51BD79784007C27C8 /* 35.cpp */ = {isa = PBXFileReference; fileEncoding = 4; lastKnownFileType = sourcecode.cpp.cpp; path = 35.cpp; sourceTree = "<group>"; };
		47F0CAE61BD79784007C27C8 /* 36.cpp */ = {isa = PBXFileReference; fileEncoding = 4; lastKnownFileType = sourcecode.cpp.cpp; path = 36.cpp; sourceTree = "<group>"; };
		47F0CAE71BD79784007C27C8 /* 38.cpp */ = {isa = PBXFileReference; fileEncoding = 4; lastKnownFileType = sourcecode.cpp.cpp; path = 38.cpp; sourceTree = "<group>"; };
		47F0CAE81BD79784007C27C8 /* run.h */ = {isa = PBXFileReference; fileEncoding = 4; lastKnownFileType = sourcecode.c.h; path = run.h; sourceTree = "<group>"; };
		47F0CAE91BD79784007C27C8 /* tools.cpp */ = {isa = PBXFileReference; fileEncoding = 4; lastKnownFileType = sourcecode.cpp.cpp; path = tools.cpp; sourceTree = "<group>"; };
		47F0CAEA1BD79784007C27C8 /* tools.h */ = {isa = PBXFileReference; fileEncoding = 4; lastKnownFileType = sourcecode.c.h; path = tools.h; sourceTree = "<group>"; };
/* End PBXFileReference section */

/* Begin PBXFrameworksBuildPhase section */
		47F0CAB51BD7973B007C27C8 /* Frameworks */ = {
			isa = PBXFrameworksBuildPhase;
			buildActionMask = 2147483647;
			files = (
			);
			runOnlyForDeploymentPostprocessing = 0;
		};
/* End PBXFrameworksBuildPhase section */

/* Begin PBXGroup section */
		47F0CAAF1BD7973B007C27C8 = {
			isa = PBXGroup;
			children = (
				47F0CABA1BD7973B007C27C8 /* Leetcode */,
				47F0CAB91BD7973B007C27C8 /* Products */,
			);
			sourceTree = "<group>";
		};
		47F0CAB91BD7973B007C27C8 /* Products */ = {
			isa = PBXGroup;
			children = (
				47F0CAB81BD7973B007C27C8 /* Leetcode */,
			);
			name = Products;
			sourceTree = "<group>";
		};
		47F0CABA1BD7973B007C27C8 /* Leetcode */ = {
			isa = PBXGroup;
			children = (
				47F0CAC21BD79784007C27C8 /* 1.cpp */,
				47F0CAC31BD79784007C27C8 /* 2.cpp */,
				47F0CAC41BD79784007C27C8 /* 3.cpp */,
				47F0CAC51BD79784007C27C8 /* 4.cpp */,
				47F0CAC61BD79784007C27C8 /* 5.cpp */,
				47F0CAC71BD79784007C27C8 /* 6.cpp */,
				47F0CAC81BD79784007C27C8 /* 7.cpp */,
				47F0CAC91BD79784007C27C8 /* 8.cpp */,
				47F0CACA1BD79784007C27C8 /* 9.cpp */,
				47F0CACB1BD79784007C27C8 /* 10.cpp */,
				47F0CACC1BD79784007C27C8 /* 11.cpp */,
				47F0CACD1BD79784007C27C8 /* 12.cpp */,
				47F0CACE1BD79784007C27C8 /* 13.cpp */,
				47F0CACF1BD79784007C27C8 /* 14.cpp */,
				47F0CAD01BD79784007C27C8 /* 15.cpp */,
				47F0CAD11BD79784007C27C8 /* 16.cpp */,
				47F0CAD21BD79784007C27C8 /* 17.cpp */,
				47F0CAD31BD79784007C27C8 /* 18.cpp */,
				47F0CAD41BD79784007C27C8 /* 19.cpp */,
				47F0CAD51BD79784007C27C8 /* 20.cpp */,
				47F0CAD61BD79784007C27C8 /* 21.cpp */,
				47F0CAD71BD79784007C27C8 /* 22.cpp */,
				47F0CAD81BD79784007C27C8 /* 23.cpp */,
				47F0CAD91BD79784007C27C8 /* 24.cpp */,
				47F0CADA1BD79784007C27C8 /* 25.cpp */,
				47F0CADB1BD79784007C27C8 /* 26.cpp */,
				47F0CADC1BD79784007C27C8 /* 27.cpp */,
				47F0CADD1BD79784007C27C8 /* 28.cpp */,
				47F0CADE1BD79784007C27C8 /* 29.cpp */,
				47F0CADF1BD79784007C27C8 /* 30_2.cpp */,
				47F0CAE01BD79784007C27C8 /* 30.cpp */,
				47F0CAE11BD79784007C27C8 /* 31.cpp */,
				47F0CAE21BD79784007C27C8 /* 32.cpp */,
				47F0CAE31BD79784007C27C8 /* 33.cpp */,
				47F0CAE41BD79784007C27C8 /* 34.cpp */,
				47F0CAE51BD79784007C27C8 /* 35.cpp */,
				47F0CAE61BD79784007C27C8 /* 36.cpp */,
				47A1983F1BD7AABB000B905A /* 37.cpp */,
				47F0CAE71BD79784007C27C8 /* 38.cpp */,
				47258CB21BDF539800A4E7A6 /* 39.cpp */,
				47258CB41BDF5E4800A4E7A6 /* 40.cpp */,
				47258CB01BD9DC5A00A4E7A6 /* 41.cpp */,
				47258CB61BDF6AE700A4E7A6 /* 42.cpp */,
				47036FF81BE0B5EB009181EC /* 43.cpp */,
				47036FFA1BE0BB16009181EC /* 44.cpp */,
				470370021BE1DC56009181EC /* 45.cpp */,
				47036FFC1BE0BB27009181EC /* 46.cpp */,
				47036FFE1BE0C166009181EC /* 47.cpp */,
				470370001BE0C9B0009181EC /* 48.cpp */,
				470370041BE31ACB009181EC /* 49.cpp */,
				470370061BE35320009181EC /* 50.cpp */,
				470370081BE3563F009181EC /* 51.cpp */,
				4703700A1BE36C75009181EC /* 52.cpp */,
				4737BA501BE38C5F0030D884 /* 53.cpp */,
				4737BA521BE38FC10030D884 /* 54.cpp */,
				4737BA541BE716A80030D884 /* 55.cpp */,
				4737BA561BE7265B0030D884 /* 56.cpp */,
				4737BA581BE73C4C0030D884 /* 57.cpp */,
				4737BA5A1BE7404A0030D884 /* 58.cpp */,
				4754A4C71BE897CA00FE07B3 /* 59.cpp */,
				4754A4C91BE89BC900FE07B3 /* 60.cpp */,
				4754A4CB1BEB07B600FE07B3 /* 61.cpp */,
				4754A4CC1BEB07B600FE07B3 /* 62.cpp */,
				4754A4CD1BEB07B600FE07B3 /* 63.cpp */,
				4754A4D11BEB182200FE07B3 /* 64.cpp */,
				4754A4D31BEB1BB000FE07B3 /* 65.cpp */,
				4754A4D51BEB1C1400FE07B3 /* 66.cpp */,
				4754A4D71BEB1D7B00FE07B3 /* 67.cpp */,
				4754A4D91BEB1F0A00FE07B3 /* 68.cpp */,
				4754A4DD1BEB222500FE07B3 /* 69.cpp */,
				4754A4DB1BEB203B00FE07B3 /* 70.cpp */,
				4754A4DF1BECC20800FE07B3 /* 71.cpp */,
				4754A4E11BF0B33200FE07B3 /* 72.cpp */,
				4754A4E31BF0B42000FE07B3 /* 73.cpp */,
				4754A4E51BF1A16F00FE07B3 /* 74.cpp */,
				4754A4E71BF1A3EA00FE07B3 /* 75.cpp */,
				47B0A4801C439E0700D935BF /* 76.cpp */,
				47B0A4821C43C24700D935BF /* 77.cpp */,
				47B0A4841C43C96F00D935BF /* 78.cpp */,
				47F0CAE81BD79784007C27C8 /* run.h */,
				47F0CAE91BD79784007C27C8 /* tools.cpp */,
				47F0CAEA1BD79784007C27C8 /* tools.h */,
			);
			path = Leetcode;
			sourceTree = "<group>";
		};
/* End PBXGroup section */

/* Begin PBXNativeTarget section */
		47F0CAB71BD7973B007C27C8 /* Leetcode */ = {
			isa = PBXNativeTarget;
			buildConfigurationList = 47F0CABF1BD7973B007C27C8 /* Build configuration list for PBXNativeTarget "Leetcode" */;
			buildPhases = (
				47F0CAB41BD7973B007C27C8 /* Sources */,
				47F0CAB51BD7973B007C27C8 /* Frameworks */,
				47F0CAB61BD7973B007C27C8 /* CopyFiles */,
			);
			buildRules = (
			);
			dependencies = (
			);
			name = Leetcode;
			productName = Leetcode;
			productReference = 47F0CAB81BD7973B007C27C8 /* Leetcode */;
			productType = "com.apple.product-type.tool";
		};
/* End PBXNativeTarget section */

/* Begin PBXProject section */
		47F0CAB01BD7973B007C27C8 /* Project object */ = {
			isa = PBXProject;
			attributes = {
				LastUpgradeCheck = 0630;
				ORGANIZATIONNAME = "yan zhang";
				TargetAttributes = {
					47F0CAB71BD7973B007C27C8 = {
						CreatedOnToolsVersion = 6.3.1;
					};
				};
			};
			buildConfigurationList = 47F0CAB31BD7973B007C27C8 /* Build configuration list for PBXProject "Leetcode" */;
			compatibilityVersion = "Xcode 3.2";
			developmentRegion = English;
			hasScannedForEncodings = 0;
			knownRegions = (
				en,
			);
			mainGroup = 47F0CAAF1BD7973B007C27C8;
			productRefGroup = 47F0CAB91BD7973B007C27C8 /* Products */;
			projectDirPath = "";
			projectRoot = "";
			targets = (
				47F0CAB71BD7973B007C27C8 /* Leetcode */,
			);
		};
/* End PBXProject section */

/* Begin PBXSourcesBuildPhase section */
		47F0CAB41BD7973B007C27C8 /* Sources */ = {
			isa = PBXSourcesBuildPhase;
			buildActionMask = 2147483647;
			files = (
				4754A4D81BEB1D7B00FE07B3 /* 67.cpp in Sources */,
				4754A4D01BEB07B600FE07B3 /* 63.cpp in Sources */,
				470370071BE35320009181EC /* 50.cpp in Sources */,
				47F0CAF91BD79784007C27C8 /* 15.cpp in Sources */,
				47258CB51BDF5E4800A4E7A6 /* 40.cpp in Sources */,
				47F0CB061BD79784007C27C8 /* 28.cpp in Sources */,
				47F0CB111BD79784007C27C8 /* tools.cpp in Sources */,
				4737BA511BE38C5F0030D884 /* 53.cpp in Sources */,
				47B0A4831C43C24700D935BF /* 77.cpp in Sources */,
				47036FFD1BE0BB27009181EC /* 46.cpp in Sources */,
				47F0CAF81BD79784007C27C8 /* 14.cpp in Sources */,
				47036FF91BE0B5EB009181EC /* 43.cpp in Sources */,
				47F0CAF71BD79784007C27C8 /* 13.cpp in Sources */,
				47F0CAF41BD79784007C27C8 /* 10.cpp in Sources */,
				47F0CB0D1BD79784007C27C8 /* 34.cpp in Sources */,
				47F0CAF01BD79784007C27C8 /* 6.cpp in Sources */,
				47258CB71BDF6AE700A4E7A6 /* 42.cpp in Sources */,
				47F0CB021BD79784007C27C8 /* 24.cpp in Sources */,
				4754A4C81BE897CA00FE07B3 /* 59.cpp in Sources */,
				47F0CAFE1BD79784007C27C8 /* 20.cpp in Sources */,
				4754A4E81BF1A3EA00FE07B3 /* 75.cpp in Sources */,
				47F0CAED1BD79784007C27C8 /* 3.cpp in Sources */,
				47F0CB081BD79784007C27C8 /* 30_2.cpp in Sources */,
				4754A4E01BECC20800FE07B3 /* 71.cpp in Sources */,
				47258CB11BD9DC5A00A4E7A6 /* 41.cpp in Sources */,
				47F0CAFC1BD79784007C27C8 /* 18.cpp in Sources */,
				4737BA571BE7265B0030D884 /* 56.cpp in Sources */,
				47B0A4811C439E0800D935BF /* 76.cpp in Sources */,
				47036FFB1BE0BB16009181EC /* 44.cpp in Sources */,
				4754A4DA1BEB1F0A00FE07B3 /* 68.cpp in Sources */,
				47F0CAFF1BD79784007C27C8 /* 21.cpp in Sources */,
				4754A4D41BEB1BB000FE07B3 /* 65.cpp in Sources */,
				470370011BE0C9B0009181EC /* 48.cpp in Sources */,
				47F0CAFB1BD79784007C27C8 /* 17.cpp in Sources */,
				4737BA531BE38FC10030D884 /* 54.cpp in Sources */,
				47F0CB051BD79784007C27C8 /* 27.cpp in Sources */,
				47F0CB091BD79784007C27C8 /* 30.cpp in Sources */,
				470370091BE3563F009181EC /* 51.cpp in Sources */,
				4737BA591BE73C4C0030D884 /* 57.cpp in Sources */,
				4754A4CF1BEB07B600FE07B3 /* 62.cpp in Sources */,
				47F0CB011BD79784007C27C8 /* 23.cpp in Sources */,
				47F0CAEC1BD79784007C27C8 /* 2.cpp in Sources */,
				4703700B1BE36C75009181EC /* 52.cpp in Sources */,
				47F0CB041BD79784007C27C8 /* 26.cpp in Sources */,
				47F0CB001BD79784007C27C8 /* 22.cpp in Sources */,
				47F0CB071BD79784007C27C8 /* 29.cpp in Sources */,
				47F0CAFD1BD79784007C27C8 /* 19.cpp in Sources */,
				470370031BE1DC56009181EC /* 45.cpp in Sources */,
				47F0CAF51BD79784007C27C8 /* 11.cpp in Sources */,
				4754A4E61BF1A16F00FE07B3 /* 74.cpp in Sources */,
				47258CB31BDF539800A4E7A6 /* 39.cpp in Sources */,
				4737BA5B1BE7404A0030D884 /* 58.cpp in Sources */,
				47F0CAF31BD79784007C27C8 /* 9.cpp in Sources */,
				4754A4D21BEB182200FE07B3 /* 64.cpp in Sources */,
				47A198401BD7AABB000B905A /* 37.cpp in Sources */,
				47F0CB0C1BD79784007C27C8 /* 33.cpp in Sources */,
				4754A4E21BF0B33200FE07B3 /* 72.cpp in Sources */,
				47036FFF1BE0C166009181EC /* 47.cpp in Sources */,
				47F0CAF61BD79784007C27C8 /* 12.cpp in Sources */,
				47F0CB0F1BD79784007C27C8 /* 36.cpp in Sources */,
				47F0CAEE1BD79784007C27C8 /* 4.cpp in Sources */,
				47F0CB101BD79784007C27C8 /* 38.cpp in Sources */,
				4737BA551BE716A80030D884 /* 55.cpp in Sources */,
				47F0CAEB1BD79784007C27C8 /* 1.cpp in Sources */,
				47F0CB031BD79784007C27C8 /* 25.cpp in Sources */,
				4754A4CA1BE89BC900FE07B3 /* 60.cpp in Sources */,
				4754A4DC1BEB203B00FE07B3 /* 70.cpp in Sources */,
				47F0CB0A1BD79784007C27C8 /* 31.cpp in Sources */,
				47F0CAEF1BD79784007C27C8 /* 5.cpp in Sources */,
				4754A4E41BF0B42000FE07B3 /* 73.cpp in Sources */,
				47B0A4851C43C96F00D935BF /* 78.cpp in Sources */,
				47F0CAF21BD79784007C27C8 /* 8.cpp in Sources */,
				47F0CAFA1BD79784007C27C8 /* 16.cpp in Sources */,
				470370051BE31ACB009181EC /* 49.cpp in Sources */,
				47F0CAF11BD79784007C27C8 /* 7.cpp in Sources */,
				4754A4CE1BEB07B600FE07B3 /* 61.cpp in Sources */,
				47F0CB0B1BD79784007C27C8 /* 32.cpp in Sources */,
				47F0CB0E1BD79784007C27C8 /* 35.cpp in Sources */,
				4754A4DE1BEB222500FE07B3 /* 69.cpp in Sources */,
				4754A4D61BEB1C1400FE07B3 /* 66.cpp in Sources */,
			);
			runOnlyForDeploymentPostprocessing = 0;
		};
/* End PBXSourcesBuildPhase section */

/* Begin XCBuildConfiguration section */
		47F0CABD1BD7973B007C27C8 /* Debug */ = {
			isa = XCBuildConfiguration;
			buildSettings = {
				ALWAYS_SEARCH_USER_PATHS = NO;
				CLANG_CXX_LANGUAGE_STANDARD = "gnu++0x";
				CLANG_CXX_LIBRARY = "libc++";
				CLANG_ENABLE_MODULES = YES;
				CLANG_ENABLE_OBJC_ARC = YES;
				CLANG_WARN_BOOL_CONVERSION = YES;
				CLANG_WARN_CONSTANT_CONVERSION = YES;
				CLANG_WARN_DIRECT_OBJC_ISA_USAGE = YES_ERROR;
				CLANG_WARN_EMPTY_BODY = YES;
				CLANG_WARN_ENUM_CONVERSION = YES;
				CLANG_WARN_INT_CONVERSION = YES;
				CLANG_WARN_OBJC_ROOT_CLASS = YES_ERROR;
				CLANG_WARN_UNREACHABLE_CODE = YES;
				CLANG_WARN__DUPLICATE_METHOD_MATCH = YES;
				COPY_PHASE_STRIP = NO;
				DEBUG_INFORMATION_FORMAT = dwarf;
				ENABLE_STRICT_OBJC_MSGSEND = YES;
				GCC_C_LANGUAGE_STANDARD = gnu99;
				GCC_DYNAMIC_NO_PIC = NO;
				GCC_NO_COMMON_BLOCKS = YES;
				GCC_OPTIMIZATION_LEVEL = 0;
				GCC_PREPROCESSOR_DEFINITIONS = (
					"DEBUG=1",
					"$(inherited)",
				);
				GCC_SYMBOLS_PRIVATE_EXTERN = NO;
				GCC_WARN_64_TO_32_BIT_CONVERSION = YES;
				GCC_WARN_ABOUT_RETURN_TYPE = YES_ERROR;
				GCC_WARN_UNDECLARED_SELECTOR = YES;
				GCC_WARN_UNINITIALIZED_AUTOS = YES_AGGRESSIVE;
				GCC_WARN_UNUSED_FUNCTION = YES;
				GCC_WARN_UNUSED_VARIABLE = YES;
				MACOSX_DEPLOYMENT_TARGET = 10.10;
				MTL_ENABLE_DEBUG_INFO = YES;
				ONLY_ACTIVE_ARCH = YES;
				SDKROOT = macosx;
			};
			name = Debug;
		};
		47F0CABE1BD7973B007C27C8 /* Release */ = {
			isa = XCBuildConfiguration;
			buildSettings = {
				ALWAYS_SEARCH_USER_PATHS = NO;
				CLANG_CXX_LANGUAGE_STANDARD = "gnu++0x";
				CLANG_CXX_LIBRARY = "libc++";
				CLANG_ENABLE_MODULES = YES;
				CLANG_ENABLE_OBJC_ARC = YES;
				CLANG_WARN_BOOL_CONVERSION = YES;
				CLANG_WARN_CONSTANT_CONVERSION = YES;
				CLANG_WARN_DIRECT_OBJC_ISA_USAGE = YES_ERROR;
				CLANG_WARN_EMPTY_BODY = YES;
				CLANG_WARN_ENUM_CONVERSION = YES;
				CLANG_WARN_INT_CONVERSION = YES;
				CLANG_WARN_OBJC_ROOT_CLASS = YES_ERROR;
				CLANG_WARN_UNREACHABLE_CODE = YES;
				CLANG_WARN__DUPLICATE_METHOD_MATCH = YES;
				COPY_PHASE_STRIP = NO;
				DEBUG_INFORMATION_FORMAT = "dwarf-with-dsym";
				ENABLE_NS_ASSERTIONS = NO;
				ENABLE_STRICT_OBJC_MSGSEND = YES;
				GCC_C_LANGUAGE_STANDARD = gnu99;
				GCC_NO_COMMON_BLOCKS = YES;
				GCC_WARN_64_TO_32_BIT_CONVERSION = YES;
				GCC_WARN_ABOUT_RETURN_TYPE = YES_ERROR;
				GCC_WARN_UNDECLARED_SELECTOR = YES;
				GCC_WARN_UNINITIALIZED_AUTOS = YES_AGGRESSIVE;
				GCC_WARN_UNUSED_FUNCTION = YES;
				GCC_WARN_UNUSED_VARIABLE = YES;
				MACOSX_DEPLOYMENT_TARGET = 10.10;
				MTL_ENABLE_DEBUG_INFO = NO;
				SDKROOT = macosx;
			};
			name = Release;
		};
		47F0CAC01BD7973B007C27C8 /* Debug */ = {
			isa = XCBuildConfiguration;
			buildSettings = {
				PRODUCT_NAME = "$(TARGET_NAME)";
			};
			name = Debug;
		};
		47F0CAC11BD7973B007C27C8 /* Release */ = {
			isa = XCBuildConfiguration;
			buildSettings = {
				PRODUCT_NAME = "$(TARGET_NAME)";
			};
			name = Release;
		};
/* End XCBuildConfiguration section */

/* Begin XCConfigurationList section */
		47F0CAB31BD7973B007C27C8 /* Build configuration list for PBXProject "Leetcode" */ = {
			isa = XCConfigurationList;
			buildConfigurations = (
				47F0CABD1BD7973B007C27C8 /* Debug */,
				47F0CABE1BD7973B007C27C8 /* Release */,
			);
			defaultConfigurationIsVisible = 0;
			defaultConfigurationName = Release;
		};
		47F0CABF1BD7973B007C27C8 /* Build configuration list for PBXNativeTarget "Leetcode" */ = {
			isa = XCConfigurationList;
			buildConfigurations = (
				47F0CAC01BD7973B007C27C8 /* Debug */,
				47F0CAC11BD7973B007C27C8 /* Release */,
			);
			defaultConfigurationIsVisible = 0;
			defaultConfigurationName = Release;
		};
/* End XCConfigurationList section */
	};
	rootObject = 47F0CAB01BD7973B007C27C8 /* Project object */;
}
